
Microsoft Visual Studio Solution File, Format Version 12.00
# Visual Studio Version 17
VisualStudioVersion = 17.14.37502.11 d17.14
MinimumVisualStudioVersion = 10.0.40219.1
Project("{FAE04EC0-301F-11D3-BF4B-00C04F79EFBC}") = "map isaac clean", "map isaac clean\map isaac clean.csproj", "{56697F66-0E36-4250-B0AF-056E0E1D015A}"
EndProject
Global
	GlobalSection(SolutionConfigurationPlatforms) = preSolution
		Debug|Any CPU = Debug|Any CPU
		Release|Any CPU = Release|Any CPU
	EndGlobalSection
	GlobalSection(ProjectConfigurationPlatforms) = postSolution
		{56697F66-0E36-4250-B0AF-056E0E1D015A}.Debug|Any CPU.ActiveCfg = Debug|Any CPU
		{56697F66-0E36-4250-B0AF-056E0E1D015A}.Debug|Any CPU.Build.0 = Debug|Any CPU
		{56697F66-0E36-4250-B0AF-056E0E1D015A}.Release|Any CPU.ActiveCfg = Release|Any CPU
		{56697F66-0E36-4250-B0AF-056E0E1D015A}.Release|Any CPU.Build.0 = Release|Any CPU
	EndGlobalSection
	GlobalSection(SolutionProperties) = preSolution
		HideSolutionNode = FALSE
	EndGlobalSection
	GlobalSection(ExtensibilityGlobals) = postSolution
		SolutionGuid = {F9932346-6D07-47D0-A44C-627AE8D8C566}
	EndGlobalSection
EndGlobal
